Microsoft Visual Studio Solution File, Format Version 12.00
# Visual Studio Version 18
VisualStudioVersion = 18.4.11605.240
MinimumVisualStudioVersion = 10.0.40219.1
Project("{9A19103F-16F7-4668-BE54-9A1E7A4F7556}") = "DavidKuehn.Portfolio.AppHost", "DavidKuehn.Portfolio.AppHost\DavidKuehn.Portfolio.AppHost.csproj", "{8D5122D1-713C-4FFC-9754-DFA1D9626B42}"
EndProject
Project("{9A19103F-16F7-4668-BE54-9A1E7A4F7556}") = "DavidKuehn.Portfolio.ServiceDefaults", "DavidKuehn.Portfolio.ServiceDefaults\DavidKuehn.Portfolio.ServiceDefaults.csproj", "{F4539BA7-9A13-4377-99F9-67E8FFE5CAE0}"
EndProject
Project("{9A19103F-16F7-4668-BE54-9A1E7A4F7556}") = "DavidKuehn.Portfolio.WebApi", "DavidKuehn.Portfolio.WebApi\DavidKuehn.Portfolio.WebApi.csproj", "{9DAC6ED6-2C31-48AB-AC12-7739347328F4}"
EndProject
Project("{2150E333-8FDC-42A3-9474-1A3956D46DE8}") = "Solution Items", "Solution Items", "{CB78C0D7-3DEB-49BB-B36A-09C9BF8325DE}"
	ProjectSection(SolutionItems) = preProject
		.editorconfig = .editorconfig
	EndProjectSection
EndProject
Project("{FAE04EC0-301F-11D3-BF4B-00C04F79EFBC}") = "DavidKuehn.Portfolio.UI.Web", "DavidKuehn.Portfolio.UI.Web\DavidKuehn.Portfolio.UI.Web\DavidKuehn.Portfolio.UI.Web.csproj", "{9D238E89-BB7E-6CB4-8F78-46D89A98BD05}"
EndProject
Project("{FAE04EC0-301F-11D3-BF4B-00C04F79EFBC}") = "DavidKuehn.Portfolio.UI.Web.Client", "DavidKuehn.Portfolio.UI.Web\DavidKuehn.Portfolio.UI.Web.Client\DavidKuehn.Portfolio.UI.Web.Client.csproj", "{473BE43D-43AF-5157-431D-60ED29803493}"
EndProject
Project("{00D1A9C2-B5F0-4AF3-8072-F6C62B433612}") = "DavidKuehn.Portfolio.Database", "DavidKuehn.Portfolio.Database\DavidKuehn.Portfolio.Database.sqlproj", "{DA442E75-74F5-4BE2-BC2A-3D454647ADF7}"
EndProject
Project("{FAE04EC0-301F-11D3-BF4B-00C04F79EFBC}") = "DavidKuehn.Portfolio.Core", "DavidKuehn.Portfolio.Core\DavidKuehn.Portfolio.Core.csproj", "{8C487459-02A7-4457-9B6D-A98454EBC6CF}"
EndProject
Project("{FAE04EC0-301F-11D3-BF4B-00C04F79EFBC}") = "DavidKuehn.Portfolio.Infrastructure", "DavidKuehn.Portfolio.Infrastructure\DavidKuehn.Portfolio.Infrastructure.csproj", "{C77389E3-4117-4A45-9E01-1086138FC7FA}"
EndProject
Project("{FAE04EC0-301F-11D3-BF4B-00C04F79EFBC}") = "DavidKuehn.Portfolio.Infrastructure.UnitTests", "DavidKuehn.Portfolio.Infrastructure.UnitTests\DavidKuehn.Portfolio.Infrastructure.UnitTests.csproj", "{F15804CA-7B93-4219-8E56-135AA2BDD17E}"
EndProject
Project("{FAE04EC0-301F-11D3-BF4B-00C04F79EFBC}") = "DavidKuehn.Portfolio.UseCases", "DavidKuehn.Portfolio.UseCases\DavidKuehn.Portfolio.UseCases.csproj", "{1A657A54-B289-44B2-8F58-858119CDD20A}"
EndProject
Project("{FAE04EC0-301F-11D3-BF4B-00C04F79EFBC}") = "DavidKuehn.Portfolio.Infrastructure.IntegrationTests", "DavidKuehn.Portfolio.Infrastructure.IntegrationTests\DavidKuehn.Portfolio.Infrastructure.IntegrationTests.csproj", "{9FD33FD3-1A51-25F5-1BB5-7D7C65C1C54C}"
EndProject
Project("{FAE04EC0-301F-11D3-BF4B-00C04F79EFBC}") = "DavidKuehn.Portfolio.UseCases.UnitTests", "DavidKuehn.Portfolio.UseCases.UnitTests\DavidKuehn.Portfolio.UseCases.UnitTests.csproj", "{DCA177F0-8756-41E3-A22E-E498ECCFAADE}"
EndProject
Global
	GlobalSection(SolutionConfigurationPlatforms) = preSolution
		Debug|Any CPU = Debug|Any CPU
		Release|Any CPU = Release|Any CPU
	EndGlobalSection
	GlobalSection(ProjectConfigurationPlatforms) = postSolution
		{8D5122D1-713C-4FFC-9754-DFA1D9626B42}.Debug|Any CPU.ActiveCfg = Debug|Any CPU
		{8D5122D1-713C-4FFC-9754-DFA1D9626B42}.Debug|Any CPU.Build.0 = Debug|Any CPU
		{8D5122D1-713C-4FFC-9754-DFA1D9626B42}.Release|Any CPU.ActiveCfg = Release|Any CPU
		{8D5122D1-713C-4FFC-9754-DFA1D9626B42}.Release|Any CPU.Build.0 = Release|Any CPU
		{F4539BA7-9A13-4377-99F9-67E8FFE5CAE0}.Debug|Any CPU.ActiveCfg = Debug|Any CPU
		{F4539BA7-9A13-4377-99F9-67E8FFE5CAE0}.Debug|Any CPU.Build.0 = Debug|Any CPU
		{F4539BA7-9A13-4377-99F9-67E8FFE5CAE0}.Release|Any CPU.ActiveCfg = Release|Any CPU
		{F4539BA7-9A13-4377-99F9-67E8FFE5CAE0}.Release|Any CPU.Build.0 = Release|Any CPU
		{9DAC6ED6-2C31-48AB-AC12-7739347328F4}.Debug|Any CPU.ActiveCfg = Debug|Any CPU
		{9DAC6ED6-2C31-48AB-AC12-7739347328F4}.Debug|Any CPU.Build.0 = Debug|Any CPU
		{9DAC6ED6-2C31-48AB-AC12-7739347328F4}.Release|Any CPU.ActiveCfg = Release|Any CPU
		{9DAC6ED6-2C31-48AB-AC12-7739347328F4}.Release|Any CPU.Build.0 = Release|Any CPU
		{9D238E89-BB7E-6CB4-8F78-46D89A98BD05}.Debug|Any CPU.ActiveCfg = Debug|Any CPU
		{9D238E89-BB7E-6CB4-8F78-46D89A98BD05}.Debug|Any CPU.Build.0 = Debug|Any CPU
		{9D238E89-BB7E-6CB4-8F78-46D89A98BD05}.Release|Any CPU.ActiveCfg = Release|Any CPU
		{9D238E89-BB7E-6CB4-8F78-46D89A98BD05}.Release|Any CPU.Build.0 = Release|Any CPU
		{473BE43D-43AF-5157-431D-60ED29803493}.Debug|Any CPU.ActiveCfg = Debug|Any CPU
		{473BE43D-43AF-5157-431D-60ED29803493}.Debug|Any CPU.Build.0 = Debug|Any CPU
		{473BE43D-43AF-5157-431D-60ED29803493}.Release|Any CPU.ActiveCfg = Release|Any CPU
		{473BE43D-43AF-5157-431D-60ED29803493}.Release|Any CPU.Build.0 = Release|Any CPU
		{DA442E75-74F5-4BE2-BC2A-3D454647ADF7}.Debug|Any CPU.ActiveCfg = Debug|Any CPU
		{DA442E75-74F5-4BE2-BC2A-3D454647ADF7}.Debug|Any CPU.Build.0 = Debug|Any CPU
		{DA442E75-74F5-4BE2-BC2A-3D454647ADF7}.Debug|Any CPU.Deploy.0 = Debug|Any CPU
		{DA442E75-74F5-4BE2-BC2A-3D454647ADF7}.Release|Any CPU.ActiveCfg = Release|Any CPU
		{DA442E75-74F5-4BE2-BC2A-3D454647ADF7}.Release|Any CPU.Build.0 = Release|Any CPU
		{DA442E75-74F5-4BE2-BC2A-3D454647ADF7}.Release|Any CPU.Deploy.0 = Release|Any CPU
		{8C487459-02A7-4457-9B6D-A98454EBC6CF}.Debug|Any CPU.ActiveCfg = Debug|Any CPU
		{8C487459-02A7-4457-9B6D-A98454EBC6CF}.Debug|Any CPU.Build.0 = Debug|Any CPU
		{8C487459-02A7-4457-9B6D-A98454EBC6CF}.Release|Any CPU.ActiveCfg = Release|Any CPU
		{8C487459-02A7-4457-9B6D-A98454EBC6CF}.Release|Any CPU.Build.0 = Release|Any CPU
		{C77389E3-4117-4A45-9E01-1086138FC7FA}.Debug|Any CPU.ActiveCfg = Debug|Any CPU
		{C77389E3-4117-4A45-9E01-1086138FC7FA}.Debug|Any CPU.Build.0 = Debug|Any CPU
		{C77389E3-4117-4A45-9E01-1086138FC7FA}.Release|Any CPU.ActiveCfg = Release|Any CPU
		{C77389E3-4117-4A45-9E01-1086138FC7FA}.Release|Any CPU.Build.0 = Release|Any CPU
		{F15804CA-7B93-4219-8E56-135AA2BDD17E}.Debug|Any CPU.ActiveCfg = Debug|Any CPU
		{F15804CA-7B93-4219-8E56-135AA2BDD17E}.Debug|Any CPU.Build.0 = Debug|Any CPU
		{F15804CA-7B93-4219-8E56-135AA2BDD17E}.Release|Any CPU.ActiveCfg = Release|Any CPU
		{F15804CA-7B93-4219-8E56-135AA2BDD17E}.Release|Any CPU.Build.0 = Release|Any CPU
		{1A657A54-B289-44B2-8F58-858119CDD20A}.Debug|Any CPU.ActiveCfg = Debug|Any CPU
		{1A657A54-B289-44B2-8F58-858119CDD20A}.Debug|Any CPU.Build.0 = Debug|Any CPU
		{1A657A54-B289-44B2-8F58-858119CDD20A}.Release|Any CPU.ActiveCfg = Release|Any CPU
		{1A657A54-B289-44B2-8F58-858119CDD20A}.Release|Any CPU.Build.0 = Release|Any CPU
		{9FD33FD3-1A51-25F5-1BB5-7D7C65C1C54C}.Debug|Any CPU.ActiveCfg = Debug|Any CPU
		{9FD33FD3-1A51-25F5-1BB5-7D7C65C1C54C}.Debug|Any CPU.Build.0 = Debug|Any CPU
		{9FD33FD3-1A51-25F5-1BB5-7D7C65C1C54C}.Release|Any CPU.ActiveCfg = Release|Any CPU
		{9FD33FD3-1A51-25F5-1BB5-7D7C65C1C54C}.Release|Any CPU.Build.0 = Release|Any CPU
		{DCA177F0-8756-41E3-A22E-E498ECCFAADE}.Debug|Any CPU.ActiveCfg = Debug|Any CPU
		{DCA177F0-8756-41E3-A22E-E498ECCFAADE}.Debug|Any CPU.Build.0 = Debug|Any CPU
		{DCA177F0-8756-41E3-A22E-E498ECCFAADE}.Release|Any CPU.ActiveCfg = Release|Any CPU
		{DCA177F0-8756-41E3-A22E-E498ECCFAADE}.Release|Any CPU.Build.0 = Release|Any CPU
	EndGlobalSection
	GlobalSection(SolutionProperties) = preSolution
		HideSolutionNode = FALSE
	EndGlobalSection
	GlobalSection(ExtensibilityGlobals) = postSolution
		SolutionGuid = {D8F88465-027D-4EE9-ABB5-B2247B6571C3}
	EndGlobalSection
EndGlobal
